
Microsoft Visual Studio Solution File, Format Version 12.00
# Visual Studio Version 16
VisualStudioVersion = 16.0.30621.155
MinimumVisualStudioVersion = 10.0.40219.1
Project("{FAE04EC0-301F-11D3-BF4B-00C04F79EFBC}") = "CSharpOops", "CSharpOops\CSharpOops.csproj", "{750D1959-E4A0-4D46-BEF9-7EA59A0EC8EB}"
EndProject
Global
	GlobalSection(SolutionConfigurationPlatforms) = preSolution
		Debug|Any CPU = Debug|Any CPU
		Release|Any CPU = Release|Any CPU
	EndGlobalSection
	GlobalSection(ProjectConfigurationPlatforms) = postSolution
		{750D1959-E4A0-4D46-BEF9-7EA59A0EC8EB}.Debug|Any CPU.ActiveCfg = Debug|Any CPU
		{750D1959-E4A0-4D46-BEF9-7EA59A0EC8EB}.Debug|Any CPU.Build.0 = Debug|Any CPU
		{750D1959-E4A0-4D46-BEF9-7EA59A0EC8EB}.Release|Any CPU.ActiveCfg = Release|Any CPU
		{750D1959-E4A0-4D46-BEF9-7EA59A0EC8EB}.Release|Any CPU.Build.0 = Release|Any CPU
	EndGlobalSection
	GlobalSection(SolutionProperties) = preSolution
		HideSolutionNode = FALSE
	EndGlobalSection
	GlobalSection(ExtensibilityGlobals) = postSolution
		SolutionGuid = {DA3CD82A-DFFE-42A5-B723-6CE7E75A7537}
	EndGlobalSection
EndGlobal
