
Microsoft Visual Studio Solution File, Format Version 12.00
# Visual Studio Version 16
VisualStudioVersion = 16.0.30621.155
MinimumVisualStudioVersion = 10.0.40219.1
Project("{FAE04EC0-301F-11D3-BF4B-00C04F79EFBC}") = "Json", "Json\Json.csproj", "{E6D8233D-5D2E-4CE1-9F05-8389657F6630}"
EndProject
Global
	GlobalSection(SolutionConfigurationPlatforms) = preSolution
		Debug|Any CPU = Debug|Any CPU
		Release|Any CPU = Release|Any CPU
	EndGlobalSection
	GlobalSection(ProjectConfigurationPlatforms) = postSolution
		{E6D8233D-5D2E-4CE1-9F05-8389657F6630}.Debug|Any CPU.ActiveCfg = Debug|Any CPU
		{E6D8233D-5D2E-4CE1-9F05-8389657F6630}.Debug|Any CPU.Build.0 = Debug|Any CPU
		{E6D8233D-5D2E-4CE1-9F05-8389657F6630}.Release|Any CPU.ActiveCfg = Release|Any CPU
		{E6D8233D-5D2E-4CE1-9F05-8389657F6630}.Release|Any CPU.Build.0 = Release|Any CPU
	EndGlobalSection
	GlobalSection(SolutionProperties) = preSolution
		HideSolutionNode = FALSE
	EndGlobalSection
	GlobalSection(ExtensibilityGlobals) = postSolution
		SolutionGuid = {4F157FDB-C0F4-4B21-8F5A-B4DFDEB756E3}
	EndGlobalSection
EndGlobal
